
Microsoft Visual Studio Solution File, Format Version 12.00
# Visual Studio Version 17
VisualStudioVersion = 17.10.35027.167
MinimumVisualStudioVersion = 10.0.40219.1
Project("{9092AA53-FB77-4645-B42D-1CCCA6BD08BD}") = "HelloWorld", "HelloWorld\HelloWorld.njsproj", "{BAB313CB-7317-418F-8627-9237E18FF63E}"
EndProject
Global
	GlobalSection(SolutionConfigurationPlatforms) = preSolution
		Debug|Any CPU = Debug|Any CPU
		Release|Any CPU = Release|Any CPU
	EndGlobalSection
	GlobalSection(ProjectConfigurationPlatforms) = postSolution
		{BAB313CB-7317-418F-8627-9237E18FF63E}.Debug|Any CPU.ActiveCfg = Debug|Any CPU
		{BAB313CB-7317-418F-8627-9237E18FF63E}.Debug|Any CPU.Build.0 = Debug|Any CPU
		{BAB313CB-7317-418F-8627-9237E18FF63E}.Release|Any CPU.ActiveCfg = Release|Any CPU
		{BAB313CB-7317-418F-8627-9237E18FF63E}.Release|Any CPU.Build.0 = Release|Any CPU
	EndGlobalSection
	GlobalSection(SolutionProperties) = preSolution
		HideSolutionNode = FALSE
	EndGlobalSection
	GlobalSection(ExtensibilityGlobals) = postSolution
		SolutionGuid = {00ED0ECF-EC3F-444F-80D0-327FCA5CFAE3}
	EndGlobalSection
EndGlobal
